{
  "name": "acs",
  "version": "0.1.0",
  "lockfileVersion": 2,
  "requires": true,
  "packages": {
    "": {
      "name": "acs",
      "version": "0.1.0",
      "workspaces": [
        "apps/*",
        "packages/*"
      ],
      "devDependencies": {
        "typescript": "^5.9.3"
      }
    },
    "apps/api": {
      "name": "@acs/api",
      "version": "0.1.0"
    },
    "apps/web": {
      "name": "@acs/web",
      "version": "0.1.0"
    },
    "node_modules/@acs/api": {
      "resolved": "apps/api",
      "link": true
    },
    "node_modules/@acs/content-schema": {
      "resolved": "packages/content-schema",
      "link": true
    },
    "node_modules/@acs/domain": {
      "resolved": "packages/domain",
      "link": true
    },
    "node_modules/@acs/runtime-core": {
      "resolved": "packages/runtime-core",
      "link": true
    },
    "node_modules/@acs/web": {
      "resolved": "apps/web",
      "link": true
    },
    "node_modules/typescript": {
      "version": "5.9.3",
      "resolved": "https://registry.npmjs.org/typescript/-/typescript-5.9.3.tgz",
      "integrity": "sha512-jl1vZzPDinLr9eUt3J/t7V6FgNEw9QjvBPdysz9KfQDD41fQrC2Y4vKQdiaUpFT4bXlb1RHhLpp8wtm6M5TgSw==",
      "dev": true,
      "bin": {
        "tsc": "bin/tsc",
        "tsserver": "bin/tsserver"
      },
      "engines": {
        "node": ">=14.17"
      }
    },
    "packages/content-schema": {
      "name": "@acs/content-schema",
      "version": "0.1.0",
      "dependencies": {
        "@acs/domain": "0.1.0"
      }
    },
    "packages/domain": {
      "name": "@acs/domain",
      "version": "0.1.0"
    },
    "packages/runtime-core": {
      "name": "@acs/runtime-core",
      "version": "0.1.0",
      "dependencies": {
        "@acs/content-schema": "0.1.0",
        "@acs/domain": "0.1.0"
      }
    }
  },
  "dependencies": {
    "@acs/api": {
      "version": "file:apps/api"
    },
    "@acs/content-schema": {
      "version": "file:packages/content-schema",
      "requires": {
        "@acs/domain": "0.1.0"
      }
    },
    "@acs/domain": {
      "version": "file:packages/domain"
    },
    "@acs/runtime-core": {
      "version": "file:packages/runtime-core",
      "requires": {
        "@acs/content-schema": "0.1.0",
        "@acs/domain": "0.1.0"
      }
    },
    "@acs/web": {
      "version": "file:apps/web"
    },
    "typescript": {
      "version": "5.9.3",
      "resolved": "https://registry.npmjs.org/typescript/-/typescript-5.9.3.tgz",
      "integrity": "sha512-jl1vZzPDinLr9eUt3J/t7V6FgNEw9QjvBPdysz9KfQDD41fQrC2Y4vKQdiaUpFT4bXlb1RHhLpp8wtm6M5TgSw==",
      "dev": true
    }
  }
}
